
Microsoft Visual Studio Solution File, Format Version 12.00
Project("{FAE04EC0-301F-11D3-BF4B-00C04F79EFBC}") = "Core", "Core\Core.csproj", "{F3FFE72A-A525-4A2B-A45F-A1458B02AE38}"
EndProject
Project("{FAE04EC0-301F-11D3-BF4B-00C04F79EFBC}") = "Domain", "Domain\Domain.csproj", "{7831EB1B-6494-453E-9E7B-F16FE8D571AE}"
EndProject
Project("{2150E333-8FDC-42A3-9474-1A3956D46DE8}") = "Core", "Core", "{506A59EB-8EE1-42AB-8151-D1B0E6589F5A}"
EndProject
Project("{2150E333-8FDC-42A3-9474-1A3956D46DE8}") = "Infrastructure", "Infrastructure", "{9120DCB1-632E-4859-ACDC-BFD9CE091E6C}"
EndProject
Project("{2150E333-8FDC-42A3-9474-1A3956D46DE8}") = "API", "API", "{0C7F92ED-1AE4-42E8-89DC-3B22AF699686}"
EndProject
Project("{FAE04EC0-301F-11D3-BF4B-00C04F79EFBC}") = "DataAccess_SQLite", "DataAccess_SQLite\DataAccess_SQLite.csproj", "{EBECCF2E-6CB5-463B-9C88-396F48C8E9D8}"
EndProject
Project("{FAE04EC0-301F-11D3-BF4B-00C04F79EFBC}") = "MainAPI", "MainAPI\MainAPI.csproj", "{17832B2C-355A-466C-AE93-46CFB1015230}"
EndProject
Project("{FAE04EC0-301F-11D3-BF4B-00C04F79EFBC}") = "Security", "Security\Security.csproj", "{7AAD8262-8BBB-4266-A5A2-B18D9F75CD0A}"
EndProject
Global
	GlobalSection(SolutionConfigurationPlatforms) = preSolution
		Debug|Any CPU = Debug|Any CPU
		Release|Any CPU = Release|Any CPU
	EndGlobalSection
	GlobalSection(ProjectConfigurationPlatforms) = postSolution
		{F3FFE72A-A525-4A2B-A45F-A1458B02AE38}.Debug|Any CPU.ActiveCfg = Debug|Any CPU
		{F3FFE72A-A525-4A2B-A45F-A1458B02AE38}.Debug|Any CPU.Build.0 = Debug|Any CPU
		{F3FFE72A-A525-4A2B-A45F-A1458B02AE38}.Release|Any CPU.ActiveCfg = Release|Any CPU
		{F3FFE72A-A525-4A2B-A45F-A1458B02AE38}.Release|Any CPU.Build.0 = Release|Any CPU
		{7831EB1B-6494-453E-9E7B-F16FE8D571AE}.Debug|Any CPU.ActiveCfg = Debug|Any CPU
		{7831EB1B-6494-453E-9E7B-F16FE8D571AE}.Debug|Any CPU.Build.0 = Debug|Any CPU
		{7831EB1B-6494-453E-9E7B-F16FE8D571AE}.Release|Any CPU.ActiveCfg = Release|Any CPU
		{7831EB1B-6494-453E-9E7B-F16FE8D571AE}.Release|Any CPU.Build.0 = Release|Any CPU
		{EBECCF2E-6CB5-463B-9C88-396F48C8E9D8}.Debug|Any CPU.ActiveCfg = Debug|Any CPU
		{EBECCF2E-6CB5-463B-9C88-396F48C8E9D8}.Debug|Any CPU.Build.0 = Debug|Any CPU
		{EBECCF2E-6CB5-463B-9C88-396F48C8E9D8}.Release|Any CPU.ActiveCfg = Release|Any CPU
		{EBECCF2E-6CB5-463B-9C88-396F48C8E9D8}.Release|Any CPU.Build.0 = Release|Any CPU
		{17832B2C-355A-466C-AE93-46CFB1015230}.Debug|Any CPU.ActiveCfg = Debug|Any CPU
		{17832B2C-355A-466C-AE93-46CFB1015230}.Debug|Any CPU.Build.0 = Debug|Any CPU
		{17832B2C-355A-466C-AE93-46CFB1015230}.Release|Any CPU.ActiveCfg = Release|Any CPU
		{17832B2C-355A-466C-AE93-46CFB1015230}.Release|Any CPU.Build.0 = Release|Any CPU
		{7AAD8262-8BBB-4266-A5A2-B18D9F75CD0A}.Debug|Any CPU.ActiveCfg = Debug|Any CPU
		{7AAD8262-8BBB-4266-A5A2-B18D9F75CD0A}.Debug|Any CPU.Build.0 = Debug|Any CPU
		{7AAD8262-8BBB-4266-A5A2-B18D9F75CD0A}.Release|Any CPU.ActiveCfg = Release|Any CPU
		{7AAD8262-8BBB-4266-A5A2-B18D9F75CD0A}.Release|Any CPU.Build.0 = Release|Any CPU
	EndGlobalSection
	GlobalSection(NestedProjects) = preSolution
		{F3FFE72A-A525-4A2B-A45F-A1458B02AE38} = {506A59EB-8EE1-42AB-8151-D1B0E6589F5A}
		{7831EB1B-6494-453E-9E7B-F16FE8D571AE} = {506A59EB-8EE1-42AB-8151-D1B0E6589F5A}
		{EBECCF2E-6CB5-463B-9C88-396F48C8E9D8} = {9120DCB1-632E-4859-ACDC-BFD9CE091E6C}
		{17832B2C-355A-466C-AE93-46CFB1015230} = {0C7F92ED-1AE4-42E8-89DC-3B22AF699686}
		{7AAD8262-8BBB-4266-A5A2-B18D9F75CD0A} = {9120DCB1-632E-4859-ACDC-BFD9CE091E6C}
	EndGlobalSection
EndGlobal
